
Microsoft Visual Studio Solution File, Format Version 12.00
# Visual Studio Version 16
VisualStudioVersion = 16.0.28803.916
MinimumVisualStudioVersion = 10.0.40219.1
Project("{FAE04EC0-301F-11D3-BF4B-00C04F79EFBC}") = "Project1", "Project1\Project1.csproj", "{2DAE3F85-3044-45D0-A115-10FA80DEFB20}"
EndProject
Global
	GlobalSection(SolutionConfigurationPlatforms) = preSolution
		Debug|Any CPU = Debug|Any CPU
		Release|Any CPU = Release|Any CPU
	EndGlobalSection
	GlobalSection(ProjectConfigurationPlatforms) = postSolution
		{2DAE3F85-3044-45D0-A115-10FA80DEFB20}.Debug|Any CPU.ActiveCfg = Debug|Any CPU
		{2DAE3F85-3044-45D0-A115-10FA80DEFB20}.Debug|Any CPU.Build.0 = Debug|Any CPU
		{2DAE3F85-3044-45D0-A115-10FA80DEFB20}.Release|Any CPU.ActiveCfg = Release|Any CPU
		{2DAE3F85-3044-45D0-A115-10FA80DEFB20}.Release|Any CPU.Build.0 = Release|Any CPU
	EndGlobalSection
	GlobalSection(SolutionProperties) = preSolution
		HideSolutionNode = FALSE
	EndGlobalSection
	GlobalSection(ExtensibilityGlobals) = postSolution
		SolutionGuid = {D829A0F5-CD49-497D-8B2C-667930E37A08}
	EndGlobalSection
EndGlobal
